
Microsoft Visual Studio Solution File, Format Version 12.00
# Visual Studio Version 17
VisualStudioVersion = 17.7.34221.43
MinimumVisualStudioVersion = 10.0.40219.1
Project("{FAE04EC0-301F-11D3-BF4B-00C04F79EFBC}") = "Kimmy_SD_M2", "Kimmy_SD_M2.csproj", "{FA809FFF-7413-4A5F-9FAA-302E8CD0C82E}"
EndProject
Global
	GlobalSection(SolutionConfigurationPlatforms) = preSolution
		Debug|Any CPU = Debug|Any CPU
		Release|Any CPU = Release|Any CPU
	EndGlobalSection
	GlobalSection(ProjectConfigurationPlatforms) = postSolution
		{FA809FFF-7413-4A5F-9FAA-302E8CD0C82E}.Debug|Any CPU.ActiveCfg = Debug|Any CPU
		{FA809FFF-7413-4A5F-9FAA-302E8CD0C82E}.Debug|Any CPU.Build.0 = Debug|Any CPU
		{FA809FFF-7413-4A5F-9FAA-302E8CD0C82E}.Release|Any CPU.ActiveCfg = Release|Any CPU
		{FA809FFF-7413-4A5F-9FAA-302E8CD0C82E}.Release|Any CPU.Build.0 = Release|Any CPU
	EndGlobalSection
	GlobalSection(SolutionProperties) = preSolution
		HideSolutionNode = FALSE
	EndGlobalSection
	GlobalSection(ExtensibilityGlobals) = postSolution
		SolutionGuid = {EE75A30C-51FE-48E0-B000-88757BC12978}
	EndGlobalSection
EndGlobal
